
Microsoft Visual Studio Solution File, Format Version 12.00
# Visual Studio Version 17
VisualStudioVersion = 17.0.31903.59
MinimumVisualStudioVersion = 10.0.40219.1
Project("{2150E333-8FDC-42A3-9474-1A3956D46DE8}") = "src", "src", "{E3B802A8-DB45-4B70-8FB0-7B9D8130E9D5}"
EndProject
Project("{FAE04EC0-301F-11D3-BF4B-00C04F79EFBC}") = "Movies.Api", "src\Movies.Api\Movies.Api.csproj", "{DDAE94FE-DCC3-412E-9154-4C4C030445E7}"
EndProject
Project("{FAE04EC0-301F-11D3-BF4B-00C04F79EFBC}") = "Movies.Application", "src\Movies.Application\Movies.Application.csproj", "{3CEC81F8-6552-4FA9-999C-F96DF7BFFA24}"
EndProject
Project("{FAE04EC0-301F-11D3-BF4B-00C04F79EFBC}") = "Movies.Contracts", "src\Movies.Contracts\Movies.Contracts.csproj", "{A5F33F78-FF53-4D2A-9B8E-077A2A861C82}"
EndProject
Project("{2150E333-8FDC-42A3-9474-1A3956D46DE8}") = "helpers", "helpers", "{B1B9DD72-5C5E-4F28-A62A-E655756DEDFE}"
EndProject
Project("{FAE04EC0-301F-11D3-BF4B-00C04F79EFBC}") = "Identity.Api", "helpers\Identity.Api\Identity.Api.csproj", "{E64372DA-FA7C-4BF1-A31C-D8BA49455D2B}"
EndProject
Project("{FAE04EC0-301F-11D3-BF4B-00C04F79EFBC}") = "Movies.Api.Sdk", "src\Movies.Api.Sdk\Movies.Api.Sdk.csproj", "{A49781BA-F644-44AE-8B78-107568B05A08}"
EndProject
Project("{FAE04EC0-301F-11D3-BF4B-00C04F79EFBC}") = "Movies.Api.Sdk.Consumer", "src\Movies.Api.Sdk.Consumer\Movies.Api.Sdk.Consumer.csproj", "{A3CC4644-C651-4DD6-BBD6-D133F20890C1}"
EndProject
Global
	GlobalSection(SolutionConfigurationPlatforms) = preSolution
		Debug|Any CPU = Debug|Any CPU
		Release|Any CPU = Release|Any CPU
	EndGlobalSection
	GlobalSection(ProjectConfigurationPlatforms) = postSolution
		{DDAE94FE-DCC3-412E-9154-4C4C030445E7}.Debug|Any CPU.ActiveCfg = Debug|Any CPU
		{DDAE94FE-DCC3-412E-9154-4C4C030445E7}.Debug|Any CPU.Build.0 = Debug|Any CPU
		{DDAE94FE-DCC3-412E-9154-4C4C030445E7}.Release|Any CPU.ActiveCfg = Release|Any CPU
		{DDAE94FE-DCC3-412E-9154-4C4C030445E7}.Release|Any CPU.Build.0 = Release|Any CPU
		{3CEC81F8-6552-4FA9-999C-F96DF7BFFA24}.Debug|Any CPU.ActiveCfg = Debug|Any CPU
		{3CEC81F8-6552-4FA9-999C-F96DF7BFFA24}.Debug|Any CPU.Build.0 = Debug|Any CPU
		{3CEC81F8-6552-4FA9-999C-F96DF7BFFA24}.Release|Any CPU.ActiveCfg = Release|Any CPU
		{3CEC81F8-6552-4FA9-999C-F96DF7BFFA24}.Release|Any CPU.Build.0 = Release|Any CPU
		{A5F33F78-FF53-4D2A-9B8E-077A2A861C82}.Debug|Any CPU.ActiveCfg = Debug|Any CPU
		{A5F33F78-FF53-4D2A-9B8E-077A2A861C82}.Debug|Any CPU.Build.0 = Debug|Any CPU
		{A5F33F78-FF53-4D2A-9B8E-077A2A861C82}.Release|Any CPU.ActiveCfg = Release|Any CPU
		{A5F33F78-FF53-4D2A-9B8E-077A2A861C82}.Release|Any CPU.Build.0 = Release|Any CPU
		{E64372DA-FA7C-4BF1-A31C-D8BA49455D2B}.Debug|Any CPU.ActiveCfg = Debug|Any CPU
		{E64372DA-FA7C-4BF1-A31C-D8BA49455D2B}.Debug|Any CPU.Build.0 = Debug|Any CPU
		{E64372DA-FA7C-4BF1-A31C-D8BA49455D2B}.Release|Any CPU.ActiveCfg = Release|Any CPU
		{E64372DA-FA7C-4BF1-A31C-D8BA49455D2B}.Release|Any CPU.Build.0 = Release|Any CPU
		{A49781BA-F644-44AE-8B78-107568B05A08}.Debug|Any CPU.ActiveCfg = Debug|Any CPU
		{A49781BA-F644-44AE-8B78-107568B05A08}.Debug|Any CPU.Build.0 = Debug|Any CPU
		{A49781BA-F644-44AE-8B78-107568B05A08}.Release|Any CPU.ActiveCfg = Release|Any CPU
		{A49781BA-F644-44AE-8B78-107568B05A08}.Release|Any CPU.Build.0 = Release|Any CPU
		{A3CC4644-C651-4DD6-BBD6-D133F20890C1}.Debug|Any CPU.ActiveCfg = Debug|Any CPU
		{A3CC4644-C651-4DD6-BBD6-D133F20890C1}.Debug|Any CPU.Build.0 = Debug|Any CPU
		{A3CC4644-C651-4DD6-BBD6-D133F20890C1}.Release|Any CPU.ActiveCfg = Release|Any CPU
		{A3CC4644-C651-4DD6-BBD6-D133F20890C1}.Release|Any CPU.Build.0 = Release|Any CPU
	EndGlobalSection
	GlobalSection(SolutionProperties) = preSolution
		HideSolutionNode = FALSE
	EndGlobalSection
	GlobalSection(NestedProjects) = preSolution
		{DDAE94FE-DCC3-412E-9154-4C4C030445E7} = {E3B802A8-DB45-4B70-8FB0-7B9D8130E9D5}
		{3CEC81F8-6552-4FA9-999C-F96DF7BFFA24} = {E3B802A8-DB45-4B70-8FB0-7B9D8130E9D5}
		{A5F33F78-FF53-4D2A-9B8E-077A2A861C82} = {E3B802A8-DB45-4B70-8FB0-7B9D8130E9D5}
		{E64372DA-FA7C-4BF1-A31C-D8BA49455D2B} = {B1B9DD72-5C5E-4F28-A62A-E655756DEDFE}
		{A49781BA-F644-44AE-8B78-107568B05A08} = {E3B802A8-DB45-4B70-8FB0-7B9D8130E9D5}
		{A3CC4644-C651-4DD6-BBD6-D133F20890C1} = {E3B802A8-DB45-4B70-8FB0-7B9D8130E9D5}
	EndGlobalSection
EndGlobal
